
Microsoft Visual Studio Solution File, Format Version 12.00
# Visual Studio Version 16
VisualStudioVersion = 16.0.33027.164
MinimumVisualStudioVersion = 10.0.40219.1
Project("{F184B08F-C81C-45F6-A57F-5ABD9991F28F}") = "QRCodeWebcam", "QRCodeWebcam\QRCodeWebcam.vbproj", "{BB719DBC-B912-4195-9208-88465CB36D78}"
EndProject
Project("{FAE04EC0-301F-11D3-BF4B-00C04F79EFBC}") = "QRCodeWebcam2", "QRCodeWebcam2\QRCodeWebcam2.csproj", "{733DF9BE-3DE2-43AB-B1B3-90C2AE6F88C9}"
EndProject
Project("{FAE04EC0-301F-11D3-BF4B-00C04F79EFBC}") = "OpenFileWithQRReader.UWP", "OpenFileWithQRReader\OpenFileWithQRReader.UWP\OpenFileWithQRReader.UWP.csproj", "{473D009F-BB9C-4CC0-BF88-4C22FB5CEE99}"
EndProject
Project("{FAE04EC0-301F-11D3-BF4B-00C04F79EFBC}") = "OpenFileWithQRReader.Android", "OpenFileWithQRReader\OpenFileWithQRReader.Android\OpenFileWithQRReader.Android.csproj", "{D3F1EF72-99DD-4A06-9B32-6138F6DC06E8}"
EndProject
Project("{9A19103F-16F7-4668-BE54-9A1E7A4F7556}") = "OpenFileWithQRReader", "OpenFileWithQRReader\OpenFileWithQRReader\OpenFileWithQRReader.csproj", "{9B0C33C7-C669-4C96-8ADA-9E31B8E64336}"
EndProject
Project("{54435603-DBB4-11D2-8724-00A0C9A8B90C}") = "Setup_QRCodeWinScan", "Setup_QRCodeWinScan\Setup_QRCodeWinScan.vdproj", "{50CED980-DC97-4EC3-AB9F-3D5D76CB1E1B}"
EndProject
Global
	GlobalSection(SolutionConfigurationPlatforms) = preSolution
		Debug|Any CPU = Debug|Any CPU
		Debug|ARM = Debug|ARM
		Debug|x64 = Debug|x64
		Debug|x86 = Debug|x86
		Release|Any CPU = Release|Any CPU
		Release|ARM = Release|ARM
		Release|x64 = Release|x64
		Release|x86 = Release|x86
	EndGlobalSection
	GlobalSection(ProjectConfigurationPlatforms) = postSolution
		{BB719DBC-B912-4195-9208-88465CB36D78}.Debug|Any CPU.ActiveCfg = Debug|Any CPU
		{BB719DBC-B912-4195-9208-88465CB36D78}.Debug|ARM.ActiveCfg = Debug|Any CPU
		{BB719DBC-B912-4195-9208-88465CB36D78}.Debug|ARM.Build.0 = Debug|Any CPU
		{BB719DBC-B912-4195-9208-88465CB36D78}.Debug|x64.ActiveCfg = Debug|Any CPU
		{BB719DBC-B912-4195-9208-88465CB36D78}.Debug|x64.Build.0 = Debug|Any CPU
		{BB719DBC-B912-4195-9208-88465CB36D78}.Debug|x86.ActiveCfg = Debug|Any CPU
		{BB719DBC-B912-4195-9208-88465CB36D78}.Debug|x86.Build.0 = Debug|Any CPU
		{BB719DBC-B912-4195-9208-88465CB36D78}.Release|Any CPU.ActiveCfg = Release|Any CPU
		{BB719DBC-B912-4195-9208-88465CB36D78}.Release|ARM.ActiveCfg = Release|Any CPU
		{BB719DBC-B912-4195-9208-88465CB36D78}.Release|ARM.Build.0 = Release|Any CPU
		{BB719DBC-B912-4195-9208-88465CB36D78}.Release|x64.ActiveCfg = Release|Any CPU
		{BB719DBC-B912-4195-9208-88465CB36D78}.Release|x64.Build.0 = Release|Any CPU
		{BB719DBC-B912-4195-9208-88465CB36D78}.Release|x86.ActiveCfg = Release|Any CPU
		{BB719DBC-B912-4195-9208-88465CB36D78}.Release|x86.Build.0 = Release|Any CPU
		{733DF9BE-3DE2-43AB-B1B3-90C2AE6F88C9}.Debug|Any CPU.ActiveCfg = Debug|Any CPU
		{733DF9BE-3DE2-43AB-B1B3-90C2AE6F88C9}.Debug|Any CPU.Build.0 = Debug|Any CPU
		{733DF9BE-3DE2-43AB-B1B3-90C2AE6F88C9}.Debug|ARM.ActiveCfg = Debug|Any CPU
		{733DF9BE-3DE2-43AB-B1B3-90C2AE6F88C9}.Debug|ARM.Build.0 = Debug|Any CPU
		{733DF9BE-3DE2-43AB-B1B3-90C2AE6F88C9}.Debug|x64.ActiveCfg = Debug|Any CPU
		{733DF9BE-3DE2-43AB-B1B3-90C2AE6F88C9}.Debug|x64.Build.0 = Debug|Any CPU
		{733DF9BE-3DE2-43AB-B1B3-90C2AE6F88C9}.Debug|x86.ActiveCfg = Debug|Any CPU
		{733DF9BE-3DE2-43AB-B1B3-90C2AE6F88C9}.Debug|x86.Build.0 = Debug|Any CPU
		{733DF9BE-3DE2-43AB-B1B3-90C2AE6F88C9}.Release|Any CPU.ActiveCfg = Release|Any CPU
		{733DF9BE-3DE2-43AB-B1B3-90C2AE6F88C9}.Release|ARM.ActiveCfg = Release|Any CPU
		{733DF9BE-3DE2-43AB-B1B3-90C2AE6F88C9}.Release|ARM.Build.0 = Release|Any CPU
		{733DF9BE-3DE2-43AB-B1B3-90C2AE6F88C9}.Release|x64.ActiveCfg = Release|Any CPU
		{733DF9BE-3DE2-43AB-B1B3-90C2AE6F88C9}.Release|x64.Build.0 = Release|Any CPU
		{733DF9BE-3DE2-43AB-B1B3-90C2AE6F88C9}.Release|x86.ActiveCfg = Release|Any CPU
		{733DF9BE-3DE2-43AB-B1B3-90C2AE6F88C9}.Release|x86.Build.0 = Release|Any CPU
		{473D009F-BB9C-4CC0-BF88-4C22FB5CEE99}.Debug|Any CPU.ActiveCfg = Debug|x86
		{473D009F-BB9C-4CC0-BF88-4C22FB5CEE99}.Debug|ARM.ActiveCfg = Debug|ARM
		{473D009F-BB9C-4CC0-BF88-4C22FB5CEE99}.Debug|ARM.Build.0 = Debug|ARM
		{473D009F-BB9C-4CC0-BF88-4C22FB5CEE99}.Debug|ARM.Deploy.0 = Debug|ARM
		{473D009F-BB9C-4CC0-BF88-4C22FB5CEE99}.Debug|x64.ActiveCfg = Debug|x64
		{473D009F-BB9C-4CC0-BF88-4C22FB5CEE99}.Debug|x64.Build.0 = Debug|x64
		{473D009F-BB9C-4CC0-BF88-4C22FB5CEE99}.Debug|x64.Deploy.0 = Debug|x64
		{473D009F-BB9C-4CC0-BF88-4C22FB5CEE99}.Debug|x86.ActiveCfg = Debug|x86
		{473D009F-BB9C-4CC0-BF88-4C22FB5CEE99}.Debug|x86.Build.0 = Debug|x86
		{473D009F-BB9C-4CC0-BF88-4C22FB5CEE99}.Debug|x86.Deploy.0 = Debug|x86
		{473D009F-BB9C-4CC0-BF88-4C22FB5CEE99}.Release|Any CPU.ActiveCfg = Release|x86
		{473D009F-BB9C-4CC0-BF88-4C22FB5CEE99}.Release|ARM.ActiveCfg = Release|ARM
		{473D009F-BB9C-4CC0-BF88-4C22FB5CEE99}.Release|ARM.Build.0 = Release|ARM
		{473D009F-BB9C-4CC0-BF88-4C22FB5CEE99}.Release|ARM.Deploy.0 = Release|ARM
		{473D009F-BB9C-4CC0-BF88-4C22FB5CEE99}.Release|x64.ActiveCfg = Release|x64
		{473D009F-BB9C-4CC0-BF88-4C22FB5CEE99}.Release|x64.Build.0 = Release|x64
		{473D009F-BB9C-4CC0-BF88-4C22FB5CEE99}.Release|x64.Deploy.0 = Release|x64
		{473D009F-BB9C-4CC0-BF88-4C22FB5CEE99}.Release|x86.ActiveCfg = Release|x86
		{473D009F-BB9C-4CC0-BF88-4C22FB5CEE99}.Release|x86.Build.0 = Release|x86
		{473D009F-BB9C-4CC0-BF88-4C22FB5CEE99}.Release|x86.Deploy.0 = Release|x86
		{D3F1EF72-99DD-4A06-9B32-6138F6DC06E8}.Debug|Any CPU.ActiveCfg = Debug|Any CPU
		{D3F1EF72-99DD-4A06-9B32-6138F6DC06E8}.Debug|ARM.ActiveCfg = Debug|Any CPU
		{D3F1EF72-99DD-4A06-9B32-6138F6DC06E8}.Debug|ARM.Build.0 = Debug|Any CPU
		{D3F1EF72-99DD-4A06-9B32-6138F6DC06E8}.Debug|ARM.Deploy.0 = Debug|Any CPU
		{D3F1EF72-99DD-4A06-9B32-6138F6DC06E8}.Debug|x64.ActiveCfg = Debug|Any CPU
		{D3F1EF72-99DD-4A06-9B32-6138F6DC06E8}.Debug|x64.Build.0 = Debug|Any CPU
		{D3F1EF72-99DD-4A06-9B32-6138F6DC06E8}.Debug|x64.Deploy.0 = Debug|Any CPU
		{D3F1EF72-99DD-4A06-9B32-6138F6DC06E8}.Debug|x86.ActiveCfg = Debug|Any CPU
		{D3F1EF72-99DD-4A06-9B32-6138F6DC06E8}.Debug|x86.Build.0 = Debug|Any CPU
		{D3F1EF72-99DD-4A06-9B32-6138F6DC06E8}.Debug|x86.Deploy.0 = Debug|Any CPU
		{D3F1EF72-99DD-4A06-9B32-6138F6DC06E8}.Release|Any CPU.ActiveCfg = Release|Any CPU
		{D3F1EF72-99DD-4A06-9B32-6138F6DC06E8}.Release|Any CPU.Build.0 = Release|Any CPU
		{D3F1EF72-99DD-4A06-9B32-6138F6DC06E8}.Release|Any CPU.Deploy.0 = Release|Any CPU
		{D3F1EF72-99DD-4A06-9B32-6138F6DC06E8}.Release|ARM.ActiveCfg = Release|Any CPU
		{D3F1EF72-99DD-4A06-9B32-6138F6DC06E8}.Release|ARM.Build.0 = Release|Any CPU
		{D3F1EF72-99DD-4A06-9B32-6138F6DC06E8}.Release|ARM.Deploy.0 = Release|Any CPU
		{D3F1EF72-99DD-4A06-9B32-6138F6DC06E8}.Release|x64.ActiveCfg = Release|Any CPU
		{D3F1EF72-99DD-4A06-9B32-6138F6DC06E8}.Release|x64.Build.0 = Release|Any CPU
		{D3F1EF72-99DD-4A06-9B32-6138F6DC06E8}.Release|x64.Deploy.0 = Release|Any CPU
		{D3F1EF72-99DD-4A06-9B32-6138F6DC06E8}.Release|x86.ActiveCfg = Release|Any CPU
		{D3F1EF72-99DD-4A06-9B32-6138F6DC06E8}.Release|x86.Build.0 = Release|Any CPU
		{D3F1EF72-99DD-4A06-9B32-6138F6DC06E8}.Release|x86.Deploy.0 = Release|Any CPU
		{9B0C33C7-C669-4C96-8ADA-9E31B8E64336}.Debug|Any CPU.ActiveCfg = Debug|Any CPU
		{9B0C33C7-C669-4C96-8ADA-9E31B8E64336}.Debug|ARM.ActiveCfg = Debug|Any CPU
		{9B0C33C7-C669-4C96-8ADA-9E31B8E64336}.Debug|ARM.Build.0 = Debug|Any CPU
		{9B0C33C7-C669-4C96-8ADA-9E31B8E64336}.Debug|x64.ActiveCfg = Debug|Any CPU
		{9B0C33C7-C669-4C96-8ADA-9E31B8E64336}.Debug|x64.Build.0 = Debug|Any CPU
		{9B0C33C7-C669-4C96-8ADA-9E31B8E64336}.Debug|x86.ActiveCfg = Debug|Any CPU
		{9B0C33C7-C669-4C96-8ADA-9E31B8E64336}.Debug|x86.Build.0 = Debug|Any CPU
		{9B0C33C7-C669-4C96-8ADA-9E31B8E64336}.Release|Any CPU.ActiveCfg = Release|Any CPU
		{9B0C33C7-C669-4C96-8ADA-9E31B8E64336}.Release|Any CPU.Build.0 = Release|Any CPU
		{9B0C33C7-C669-4C96-8ADA-9E31B8E64336}.Release|ARM.ActiveCfg = Release|Any CPU
		{9B0C33C7-C669-4C96-8ADA-9E31B8E64336}.Release|ARM.Build.0 = Release|Any CPU
		{9B0C33C7-C669-4C96-8ADA-9E31B8E64336}.Release|x64.ActiveCfg = Release|Any CPU
		{9B0C33C7-C669-4C96-8ADA-9E31B8E64336}.Release|x64.Build.0 = Release|Any CPU
		{9B0C33C7-C669-4C96-8ADA-9E31B8E64336}.Release|x86.ActiveCfg = Release|Any CPU
		{9B0C33C7-C669-4C96-8ADA-9E31B8E64336}.Release|x86.Build.0 = Release|Any CPU
		{50CED980-DC97-4EC3-AB9F-3D5D76CB1E1B}.Debug|Any CPU.ActiveCfg = Debug
		{50CED980-DC97-4EC3-AB9F-3D5D76CB1E1B}.Debug|ARM.ActiveCfg = Debug
		{50CED980-DC97-4EC3-AB9F-3D5D76CB1E1B}.Debug|x64.ActiveCfg = Debug
		{50CED980-DC97-4EC3-AB9F-3D5D76CB1E1B}.Debug|x86.ActiveCfg = Debug
		{50CED980-DC97-4EC3-AB9F-3D5D76CB1E1B}.Release|Any CPU.ActiveCfg = Release
		{50CED980-DC97-4EC3-AB9F-3D5D76CB1E1B}.Release|ARM.ActiveCfg = Release
		{50CED980-DC97-4EC3-AB9F-3D5D76CB1E1B}.Release|x64.ActiveCfg = Release
		{50CED980-DC97-4EC3-AB9F-3D5D76CB1E1B}.Release|x86.ActiveCfg = Release
	EndGlobalSection
	GlobalSection(SolutionProperties) = preSolution
		HideSolutionNode = FALSE
	EndGlobalSection
	GlobalSection(ExtensibilityGlobals) = postSolution
		SolutionGuid = {B2479600-74F3-44FB-A74E-56CF34FE8F32}
	EndGlobalSection
EndGlobal
